lockfileVersion: '9.0'

settings:
  autoInstallPeers: true
  excludeLinksFromLockfile: false

importers:

  .:
    dependencies:
      '@alpha-seeker/shared-types':
        specifier: workspace:*
        version: link:../../packages/shared-types
      '@alpha-seeker/ui':
        specifier: workspace:*
        version: link:../../packages/ui
    devDependencies:
      typescript:
        specifier: ^5.1.3
        version: 5.8.3

  ../..: {}

  ../../../../2025-takeover/COPE/cope-farm: {}

  ../../../../2025-takeover/COPE/cope-farm copy: {}

  ../../../../2025-takeover/COPE/pudgy-force-bot: {}

  ../../../../2025-takeover/COPE/pve-raid: {}

  ../../../../2025-takeover/TNTChart: {}

  ../../../../2025-takeover/TNTChart/public/charting_library: {}

  ../../../../2025-takeover/TNTChart/public/datafeeds/udf: {}

  ../../../../2025-takeover/TNTChart/server: {}

  ../../../../2025-takeover/TNTChart/src/assets/datafeeds/udf: {}

  ../../../../2025-takeover/TNTChart/src/charting_library: {}

  ../../../../9-5/Kids: {}

  ../../../../9-5/react-pro/my-app: {}

  ../../../../9-5/socifi-mvp-v1: {}

  ../../../../9-5/socifi-mvp-v1/client: {}

  ../../../../9-5/tinqin/my-react-testing-app: {}

  ../../../../InfinityAIO_V6.7: {}

  ../../../../Visual Studio Code.app/Contents/Resources/app: {}

  ../../../../Visual Studio Code.app/Contents/Resources/app/extensions/bat: {}

  ../../../../Visual Studio Code.app/Contents/Resources/app/extensions/clojure: {}

  ../../../../Visual Studio Code.app/Contents/Resources/app/extensions/coffeescript: {}

  ../../../../Visual Studio Code.app/Contents/Resources/app/extensions/configuration-editing: {}

  ../../../../Visual Studio Code.app/Contents/Resources/app/extensions/cpp: {}

  ../../../../Visual Studio Code.app/Contents/Resources/app/extensions/csharp: {}

  ../../../../Visual Studio Code.app/Contents/Resources/app/extensions/css: {}

  ../../../../Visual Studio Code.app/Contents/Resources/app/extensions/css-language-features: {}

  ../../../../Visual Studio Code.app/Contents/Resources/app/extensions/css-language-features/server: {}

  ../../../../Visual Studio Code.app/Contents/Resources/app/extensions/dart: {}

  ../../../../Visual Studio Code.app/Contents/Resources/app/extensions/debug-auto-launch: {}

  ../../../../Visual Studio Code.app/Contents/Resources/app/extensions/debug-server-ready: {}

  ../../../../Visual Studio Code.app/Contents/Resources/app/extensions/diff: {}

  ../../../../Visual Studio Code.app/Contents/Resources/app/extensions/docker: {}

  ../../../../Visual Studio Code.app/Contents/Resources/app/extensions/emmet: {}

  ../../../../Visual Studio Code.app/Contents/Resources/app/extensions/extension-editing: {}

  ../../../../Visual Studio Code.app/Contents/Resources/app/extensions/fsharp: {}

  ../../../../Visual Studio Code.app/Contents/Resources/app/extensions/git: {}

  ../../../../Visual Studio Code.app/Contents/Resources/app/extensions/git-base: {}

  ../../../../Visual Studio Code.app/Contents/Resources/app/extensions/github: {}

  ../../../../Visual Studio Code.app/Contents/Resources/app/extensions/github-authentication: {}

  ../../../../Visual Studio Code.app/Contents/Resources/app/extensions/go: {}

  ../../../../Visual Studio Code.app/Contents/Resources/app/extensions/groovy: {}

  ../../../../Visual Studio Code.app/Contents/Resources/app/extensions/grunt: {}

  ../../../../Visual Studio Code.app/Contents/Resources/app/extensions/gulp: {}

  ../../../../Visual Studio Code.app/Contents/Resources/app/extensions/handlebars: {}

  ../../../../Visual Studio Code.app/Contents/Resources/app/extensions/hlsl: {}

  ../../../../Visual Studio Code.app/Contents/Resources/app/extensions/html: {}

  ../../../../Visual Studio Code.app/Contents/Resources/app/extensions/html-language-features: {}

  ../../../../Visual Studio Code.app/Contents/Resources/app/extensions/html-language-features/server: {}

  ../../../../Visual Studio Code.app/Contents/Resources/app/extensions/ini: {}

  ../../../../Visual Studio Code.app/Contents/Resources/app/extensions/ipynb: {}

  ../../../../Visual Studio Code.app/Contents/Resources/app/extensions/jake: {}

  ../../../../Visual Studio Code.app/Contents/Resources/app/extensions/java: {}

  ../../../../Visual Studio Code.app/Contents/Resources/app/extensions/javascript: {}

  ../../../../Visual Studio Code.app/Contents/Resources/app/extensions/json: {}

  ../../../../Visual Studio Code.app/Contents/Resources/app/extensions/json-language-features: {}

  ../../../../Visual Studio Code.app/Contents/Resources/app/extensions/json-language-features/server: {}

  ../../../../Visual Studio Code.app/Contents/Resources/app/extensions/julia: {}

  ../../../../Visual Studio Code.app/Contents/Resources/app/extensions/latex: {}

  ../../../../Visual Studio Code.app/Contents/Resources/app/extensions/less: {}

  ../../../../Visual Studio Code.app/Contents/Resources/app/extensions/log: {}

  ../../../../Visual Studio Code.app/Contents/Resources/app/extensions/lua: {}

  ../../../../Visual Studio Code.app/Contents/Resources/app/extensions/make: {}

  ../../../../Visual Studio Code.app/Contents/Resources/app/extensions/markdown-basics: {}

  ../../../../Visual Studio Code.app/Contents/Resources/app/extensions/markdown-language-features: {}

  ../../../../Visual Studio Code.app/Contents/Resources/app/extensions/markdown-language-features/server: {}

  ../../../../Visual Studio Code.app/Contents/Resources/app/extensions/markdown-math: {}

  ../../../../Visual Studio Code.app/Contents/Resources/app/extensions/media-preview: {}

  ../../../../Visual Studio Code.app/Contents/Resources/app/extensions/merge-conflict: {}

  ../../../../Visual Studio Code.app/Contents/Resources/app/extensions/microsoft-authentication: {}

  ../../../../Visual Studio Code.app/Contents/Resources/app/extensions/ms-vscode.js-debug: {}

  ../../../../Visual Studio Code.app/Contents/Resources/app/extensions/ms-vscode.js-debug-companion: {}

  ../../../../Visual Studio Code.app/Contents/Resources/app/extensions/ms-vscode.vscode-js-profile-table: {}

  ../../../../Visual Studio Code.app/Contents/Resources/app/extensions/notebook-renderers: {}

  ../../../../Visual Studio Code.app/Contents/Resources/app/extensions/npm: {}

  ../../../../Visual Studio Code.app/Contents/Resources/app/extensions/objective-c: {}

  ../../../../Visual Studio Code.app/Contents/Resources/app/extensions/perl: {}

  ../../../../Visual Studio Code.app/Contents/Resources/app/extensions/php: {}

  ../../../../Visual Studio Code.app/Contents/Resources/app/extensions/php-language-features: {}

  ../../../../Visual Studio Code.app/Contents/Resources/app/extensions/powershell: {}

  ../../../../Visual Studio Code.app/Contents/Resources/app/extensions/pug: {}

  ../../../../Visual Studio Code.app/Contents/Resources/app/extensions/python: {}

  ../../../../Visual Studio Code.app/Contents/Resources/app/extensions/r: {}

  ../../../../Visual Studio Code.app/Contents/Resources/app/extensions/razor: {}

  ../../../../Visual Studio Code.app/Contents/Resources/app/extensions/references-view: {}

  ../../../../Visual Studio Code.app/Contents/Resources/app/extensions/restructuredtext: {}

  ../../../../Visual Studio Code.app/Contents/Resources/app/extensions/ruby: {}

  ../../../../Visual Studio Code.app/Contents/Resources/app/extensions/rust: {}

  ../../../../Visual Studio Code.app/Contents/Resources/app/extensions/scss: {}

  ../../../../Visual Studio Code.app/Contents/Resources/app/extensions/search-result: {}

  ../../../../Visual Studio Code.app/Contents/Resources/app/extensions/shaderlab: {}

  ../../../../Visual Studio Code.app/Contents/Resources/app/extensions/shellscript: {}

  ../../../../Visual Studio Code.app/Contents/Resources/app/extensions/simple-browser: {}

  ../../../../Visual Studio Code.app/Contents/Resources/app/extensions/sql: {}

  ../../../../Visual Studio Code.app/Contents/Resources/app/extensions/swift: {}

  ../../../../Visual Studio Code.app/Contents/Resources/app/extensions/theme-abyss: {}

  ../../../../Visual Studio Code.app/Contents/Resources/app/extensions/theme-defaults: {}

  ../../../../Visual Studio Code.app/Contents/Resources/app/extensions/theme-kimbie-dark: {}

  ../../../../Visual Studio Code.app/Contents/Resources/app/extensions/theme-monokai: {}

  ../../../../Visual Studio Code.app/Contents/Resources/app/extensions/theme-monokai-dimmed: {}

  ../../../../Visual Studio Code.app/Contents/Resources/app/extensions/theme-quietlight: {}

  ../../../../Visual Studio Code.app/Contents/Resources/app/extensions/theme-red: {}

  ../../../../Visual Studio Code.app/Contents/Resources/app/extensions/theme-seti: {}

  ../../../../Visual Studio Code.app/Contents/Resources/app/extensions/theme-solarized-dark: {}

  ../../../../Visual Studio Code.app/Contents/Resources/app/extensions/theme-solarized-light: {}

  ../../../../Visual Studio Code.app/Contents/Resources/app/extensions/theme-tomorrow-night-blue: {}

  ../../../../Visual Studio Code.app/Contents/Resources/app/extensions/typescript-basics: {}

  ../../../../Visual Studio Code.app/Contents/Resources/app/extensions/typescript-language-features: {}

  ../../../../Visual Studio Code.app/Contents/Resources/app/extensions/vb: {}

  ../../../../Visual Studio Code.app/Contents/Resources/app/extensions/xml: {}

  ../../../../Visual Studio Code.app/Contents/Resources/app/extensions/yaml: {}

  ../../../../crypto-dashboard: {}

  ../../../../leaderboard-app: {}

  ../../../../leaderboard-table: {}

  ../../../../pve-hero-section: {}

  ../../../../quiz-project-foundry 2/lib/forge-std: {}

  ../../../../quiz-project-foundry 2/lib/openzeppelin-contracts: {}

  ../../../../quiz-project-foundry 2/lib/openzeppelin-contracts/contracts: {}

  ../../../../quiz-project-foundry 2/lib/openzeppelin-contracts/lib/forge-std: {}

  ../../../../quiz-project-foundry 2/lib/openzeppelin-contracts/lib/forge-std/lib/ds-test: {}

  ../../../../quiz-project-foundry 2/lib/openzeppelin-contracts/scripts/solhint-custom: {}

  ../../../../quiz-project-foundry-1/lib/forge-std: {}

  ../../../../quiz-project-foundry-1/lib/openzeppelin-contracts: {}

  ../../../../quiz-project-foundry-1/lib/openzeppelin-contracts/contracts: {}

  ../../../../quiz-project-foundry-1/lib/openzeppelin-contracts/lib/forge-std: {}

  ../../../../quiz-project-foundry-1/lib/openzeppelin-contracts/lib/forge-std/lib/ds-test: {}

  ../../../../quiz-project-foundry-1/lib/openzeppelin-contracts/scripts/solhint-custom: {}

  ../../../../quiz-project-foundry/lib/forge-std: {}

  ../../../../quiz-project-foundry/lib/openzeppelin-contracts: {}

  ../../../../quiz-project-foundry/lib/openzeppelin-contracts/contracts: {}

  ../../../../quiz-project-foundry/lib/openzeppelin-contracts/lib/forge-std: {}

  ../../../../quiz-project-foundry/lib/openzeppelin-contracts/lib/forge-std/lib/ds-test: {}

  ../../../../quiz-project-foundry/lib/openzeppelin-contracts/scripts/solhint-custom: {}

  ../../../../test/web3me_nft_v2: {}

  ../../../../virgin-staking-latest/virgin-league-nft-staking/lib/erc721a: {}

  ../../../../virgin-staking-latest/virgin-league-nft-staking/lib/forge-std: {}

  ../../../../virgin-staking-latest/virgin-league-nft-staking/lib/openzeppelin-contracts: {}

  ../../../../virgin-staking-latest/virgin-league-nft-staking/lib/openzeppelin-contracts/contracts: {}

  ../../../../virgin-staking-latest/virgin-league-nft-staking/lib/openzeppelin-contracts/lib/forge-std: {}

  ../../../../virgin-staking-latest/virgin-league-nft-staking/lib/openzeppelin-contracts/lib/forge-std/lib/ds-test: {}

  ../../../../virgin-staking-latest/virgin-league-nft-staking/lib/openzeppelin-contracts/scripts/solhint-custom: {}

  ../../packages/shared-types: {}

  ../../packages/ui: {}

  ../api: {}

packages:

  typescript@5.8.3:
    resolution: {integrity: sha512-p1diW6TqL9L07nNxvRMM7hMMw4c5XOo/1ibL4aAIGmSAt9slTE1Xgw5KWuof2uTOvCg9BY7ZRi+GaF+7sfgPeQ==}
    engines: {node: '>=14.17'}
    hasBin: true

snapshots:

  typescript@5.8.3: {}
